
Microsoft Visual Studio Solution File, Format Version 12.00
# Visual Studio 15
VisualStudioVersion = 15.0.26923.0
MinimumVisualStudioVersion = 10.0.40219.1
Project("{FAE04EC0-301F-11D3-BF4B-00C04F79EFBC}") = "Debit Crad Number", "Programming Fundamentals\Debit Crad Number.csproj", "{80C9818F-FAAC-4582-A9F4-7BF2D994475B}"
EndProject
Project("{FAE04EC0-301F-11D3-BF4B-00C04F79EFBC}") = "problem2", "problem2\problem2.csproj", "{12F71630-030B-4257-8BEF-E27CD550C280}"
EndProject
Global
	GlobalSection(SolutionConfigurationPlatforms) = preSolution
		Debug|Any CPU = Debug|Any CPU
		Release|Any CPU = Release|Any CPU
	EndGlobalSection
	GlobalSection(ProjectConfigurationPlatforms) = postSolution
		{80C9818F-FAAC-4582-A9F4-7BF2D994475B}.Debug|Any CPU.ActiveCfg = Debug|Any CPU
		{80C9818F-FAAC-4582-A9F4-7BF2D994475B}.Debug|Any CPU.Build.0 = Debug|Any CPU
		{80C9818F-FAAC-4582-A9F4-7BF2D994475B}.Release|Any CPU.ActiveCfg = Release|Any CPU
		{80C9818F-FAAC-4582-A9F4-7BF2D994475B}.Release|Any CPU.Build.0 = Release|Any CPU
		{12F71630-030B-4257-8BEF-E27CD550C280}.Debug|Any CPU.ActiveCfg = Debug|Any CPU
		{12F71630-030B-4257-8BEF-E27CD550C280}.Debug|Any CPU.Build.0 = Debug|Any CPU
		{12F71630-030B-4257-8BEF-E27CD550C280}.Release|Any CPU.ActiveCfg = Release|Any CPU
		{12F71630-030B-4257-8BEF-E27CD550C280}.Release|Any CPU.Build.0 = Release|Any CPU
	EndGlobalSection
	GlobalSection(SolutionProperties) = preSolution
		HideSolutionNode = FALSE
	EndGlobalSection
	GlobalSection(ExtensibilityGlobals) = postSolution
		SolutionGuid = {FBEDE2B8-58E7-4F11-87B9-681575D60165}
	EndGlobalSection
EndGlobal
